<?xml version="1.0" encoding="utf-8"?>
<Project ToolsVersion="4.0" xmlns="http://schemas.microsoft.com/developer/msbuild/2003">
  <ItemGroup>
    <Filter Include="Source Files">
      <UniqueIdentifier>{bea3eb33-f126-498b-9663-0c3d259f07c7}</UniqueIdentifier>
      <Extensions>cpp;c;cxx;rc;def;r;odl;idl;hpj;bat</Extensions>
    </Filter>
    <Filter Include="Header Files">
      <UniqueIdentifier>{30cd4b1f-ac9e-4850-9dc4-63cafa168d26}</UniqueIdentifier>
      <Extensions>h;hpp;hxx;hm;inl</Extensions>
    </Filter>
    <Filter Include="Resource Files">
      <UniqueIdentifier>{4765b8fb-0cab-4ee3-ab81-07f9bd58f50a}</UniqueIdentifier>
      <Extensions>ico;cur;bmp;dlg;rc2;rct;bin;rgs;gif;jpg;jpeg;jpe</Extensions>
    </Filter>
  </ItemGroup>
  <ItemGroup>
    <CustomBuild Include="res\facet.ico">
      <Filter>Resource Files</Filter>
    </CustomBuild>
    <CustomBuild Include="res\facet.rc2">
      <Filter>Resource Files</Filter>
    </CustomBuild>
    <CustomBuild Include="ReadMe.txt" />
  </ItemGroup>
  <ItemGroup>
    <ClInclude Include="include\DBFFILE.H">
      <Filter>Header Files</Filter>
    </ClInclude>
    <ClInclude Include="include\DBFSTRUCTURE.H">
      <Filter>Header Files</Filter>
    </ClInclude>
    <ClInclude Include="include\FACET.H">
      <Filter>Header Files</Filter>
    </ClInclude>
    <ClInclude Include="include\FACETDLG.H">
      <Filter>Header Files</Filter>
    </ClInclude>
    <ClInclude Include="include\FACETPROCESS.H">
      <Filter>Header Files</Filter>
    </ClInclude>
    <ClInclude Include="include\RESOURCE.H">
      <Filter>Header Files</Filter>
    </ClInclude>
    <ClInclude Include="include\SORT.H">
      <Filter>Header Files</Filter>
    </ClInclude>
    <ClInclude Include="include\STDAFX.H">
      <Filter>Header Files</Filter>
    </ClInclude>
  </ItemGroup>
  <ItemGroup>
    <ClCompile Include="source\DBFFILE.CPP">
      <Filter>Source Files</Filter>
    </ClCompile>
    <ClCompile Include="source\DBFSTRUCTURE.CPP">
      <Filter>Source Files</Filter>
    </ClCompile>
    <ClCompile Include="source\FACET.CPP">
      <Filter>Source Files</Filter>
    </ClCompile>
    <ClCompile Include="source\FACETDLG.CPP">
      <Filter>Source Files</Filter>
    </ClCompile>
    <ClCompile Include="source\FACETPROCESS.CPP">
      <Filter>Source Files</Filter>
    </ClCompile>
    <ClCompile Include="source\SORT.CPP">
      <Filter>Source Files</Filter>
    </ClCompile>
    <ClCompile Include="source\STDAFX.CPP">
      <Filter>Source Files</Filter>
    </ClCompile>
  </ItemGroup>
  <ItemGroup>
    <ResourceCompile Include="facet.rc">
      <Filter>Resource Files</Filter>
    </ResourceCompile>
  </ItemGroup>
</Project>