<?xml version="1.0" encoding="utf-8"?>
<Project ToolsVersion="4.0" xmlns="http://schemas.microsoft.com/developer/msbuild/2003">
  <ItemGroup>
    <Filter Include="Source Files">
      <UniqueIdentifier>{6aa60140-b63c-4fd5-a609-7222c28ff82b}</UniqueIdentifier>
      <Extensions>cpp;c;cxx;rc;def;r;odl;idl;hpj;bat</Extensions>
    </Filter>
    <Filter Include="Header Files">
      <UniqueIdentifier>{323c6ad0-933e-4241-a8f7-85b8b81a796f}</UniqueIdentifier>
      <Extensions>h;hpp;hxx;hm;inl</Extensions>
    </Filter>
    <Filter Include="Resource Files">
      <UniqueIdentifier>{09cf4d4f-9632-454d-8563-415bf33c1612}</UniqueIdentifier>
      <Extensions>ico;cur;bmp;dlg;rc2;rct;bin;rgs;gif;jpg;jpeg;jpe</Extensions>
    </Filter>
  </ItemGroup>
  <ItemGroup>
    <CustomBuild Include="res\WeppMapr.ico">
      <Filter>Resource Files</Filter>
    </CustomBuild>
    <CustomBuild Include="res\WeppMapr.rc2">
      <Filter>Resource Files</Filter>
    </CustomBuild>
    <CustomBuild Include="ReadMe.txt" />
  </ItemGroup>
  <ItemGroup>
    <ClInclude Include="include\DBFFILE.H">
      <Filter>Header Files</Filter>
    </ClInclude>
    <ClInclude Include="include\resource.h">
      <Filter>Header Files</Filter>
    </ClInclude>
    <ClInclude Include="include\SEGS.H">
      <Filter>Header Files</Filter>
    </ClInclude>
    <ClInclude Include="include\SORT.H">
      <Filter>Header Files</Filter>
    </ClInclude>
    <ClInclude Include="include\STDAFX.H">
      <Filter>Header Files</Filter>
    </ClInclude>
    <ClInclude Include="include\WEPPMAPR.H">
      <Filter>Header Files</Filter>
    </ClInclude>
    <ClInclude Include="include\WEPPMAPRDLG.H">
      <Filter>Header Files</Filter>
    </ClInclude>
    <ClInclude Include="include\WEPPPROCESS.H">
      <Filter>Header Files</Filter>
    </ClInclude>
  </ItemGroup>
  <ItemGroup>
    <ClCompile Include="source\DBFFILE.CPP">
      <Filter>Source Files</Filter>
    </ClCompile>
    <ClCompile Include="source\SORT.CPP">
      <Filter>Source Files</Filter>
    </ClCompile>
    <ClCompile Include="source\STDAFX.CPP">
      <Filter>Source Files</Filter>
    </ClCompile>
    <ClCompile Include="source\WEPPMAPR.CPP">
      <Filter>Source Files</Filter>
    </ClCompile>
    <ClCompile Include="source\WEPPMAPRDLG.CPP">
      <Filter>Source Files</Filter>
    </ClCompile>
    <ClCompile Include="source\WEPPPROCESS.CPP">
      <Filter>Source Files</Filter>
    </ClCompile>
  </ItemGroup>
</Project>