
Microsoft Visual Studio Solution File, Format Version 11.00
# Visual Studio 2010
Project("{8BC9CEB8-8B4A-11D0-8D11-00A0C91BC942}") = "facet", "..\..\files\facet\vsprojfiles\facet.vcxproj", "{E472DE06-7B51-452C-AC06-9BCD5B57B1DD}"
EndProject
Project("{8BC9CEB8-8B4A-11D0-8D11-00A0C91BC942}") = "flowmapr", "..\..\files\flowmapr\vsprojfiles\flowmapr.vcxproj", "{38D07E23-FE6A-49EB-AD1E-0033EE33603B}"
EndProject
Project("{8BC9CEB8-8B4A-11D0-8D11-00A0C91BC942}") = "form", "..\..\files\form\vsprojfiles\form.vcxproj", "{3E6596AC-C2D4-45D0-BCE0-7B719243DC2C}"
EndProject
Project("{8BC9CEB8-8B4A-11D0-8D11-00A0C91BC942}") = "grid", "..\..\files\grid\vsprojfiles\grid.vcxproj", "{5648048F-B11F-4343-8D07-EC984DE989D5}"
EndProject
Project("{8BC9CEB8-8B4A-11D0-8D11-00A0C91BC942}") = "open-geomorphometry", "..\..\files\open-geomorphometry\vsprojfiles\open-geomorphometry.vcxproj", "{DCD67F7B-440B-439F-B5CC-1EFCBC6D1DEF}"
EndProject
Project("{8BC9CEB8-8B4A-11D0-8D11-00A0C91BC942}") = "weppmapr", "..\..\files\weppmapr\vsprojfiles\weppmapr.vcxproj", "{CF71B8A6-C2D8-4132-AF10-272144AD2769}"
EndProject
Global
	GlobalSection(SolutionConfigurationPlatforms) = preSolution
		Debug|Win32 = Debug|Win32
		Release|Win32 = Release|Win32
	EndGlobalSection
	GlobalSection(ProjectConfigurationPlatforms) = postSolution
		{E472DE06-7B51-452C-AC06-9BCD5B57B1DD}.Debug|Win32.ActiveCfg = Debug|Win32
		{E472DE06-7B51-452C-AC06-9BCD5B57B1DD}.Release|Win32.ActiveCfg = Release|Win32
		{E472DE06-7B51-452C-AC06-9BCD5B57B1DD}.Release|Win32.Build.0 = Release|Win32
		{38D07E23-FE6A-49EB-AD1E-0033EE33603B}.Debug|Win32.ActiveCfg = Debug|Win32
		{38D07E23-FE6A-49EB-AD1E-0033EE33603B}.Release|Win32.ActiveCfg = Release|Win32
		{38D07E23-FE6A-49EB-AD1E-0033EE33603B}.Release|Win32.Build.0 = Release|Win32
		{3E6596AC-C2D4-45D0-BCE0-7B719243DC2C}.Debug|Win32.ActiveCfg = Debug|Win32
		{3E6596AC-C2D4-45D0-BCE0-7B719243DC2C}.Debug|Win32.Build.0 = Debug|Win32
		{3E6596AC-C2D4-45D0-BCE0-7B719243DC2C}.Release|Win32.ActiveCfg = Release|Win32
		{3E6596AC-C2D4-45D0-BCE0-7B719243DC2C}.Release|Win32.Build.0 = Release|Win32
		{5648048F-B11F-4343-8D07-EC984DE989D5}.Debug|Win32.ActiveCfg = Debug|Win32
		{5648048F-B11F-4343-8D07-EC984DE989D5}.Release|Win32.ActiveCfg = Release|Win32
		{5648048F-B11F-4343-8D07-EC984DE989D5}.Release|Win32.Build.0 = Release|Win32
		{DCD67F7B-440B-439F-B5CC-1EFCBC6D1DEF}.Debug|Win32.ActiveCfg = Debug|Win32
		{DCD67F7B-440B-439F-B5CC-1EFCBC6D1DEF}.Release|Win32.ActiveCfg = Release|Win32
		{DCD67F7B-440B-439F-B5CC-1EFCBC6D1DEF}.Release|Win32.Build.0 = Release|Win32
		{CF71B8A6-C2D8-4132-AF10-272144AD2769}.Debug|Win32.ActiveCfg = Debug|Win32
		{CF71B8A6-C2D8-4132-AF10-272144AD2769}.Release|Win32.ActiveCfg = Release|Win32
		{CF71B8A6-C2D8-4132-AF10-272144AD2769}.Release|Win32.Build.0 = Release|Win32
	EndGlobalSection
	GlobalSection(SolutionProperties) = preSolution
		HideSolutionNode = FALSE
	EndGlobalSection
EndGlobal
